{
  "name": "@quasar-lib/quasar-datadog-boot",
  "version": "0.0.9",
  "lockfileVersion": 2,
  "requires": true,
  "packages": {
    "": {
      "name": "@quasar-lib/quasar-datadog-boot",
      "version": "0.0.9",
      "license": "Apache-2.0",
      "dependencies": {
        "@datadog/browser-rum": "^4.43.0"
      },
      "engines": {
        "node": ">= 12.2.0",
        "npm": ">= 5.6.0",
        "yarn": ">= 1.6.0"
      }
    },
    "node_modules/@datadog/browser-core": {
      "version": "4.43.0",
      "resolved": "https://registry.npmjs.org/@datadog/browser-core/-/browser-core-4.43.0.tgz",
      "integrity": "sha512-sign974DvQxSE2BnCtPpHiHI9+MgXq35Gb/I5YcdpdWh5HczgMNIzNWWXTxrkrfkft6+z1M/6AM62yqofeYqog=="
    },
    "node_modules/@datadog/browser-rum": {
      "version": "4.43.0",
      "resolved": "https://registry.npmjs.org/@datadog/browser-rum/-/browser-rum-4.43.0.tgz",
      "integrity": "sha512-Cc4e3kViyarfZVwZx4vWHj2/wwyhCF2/KDeWCq+Aa31om5FwP+lzhVfFnxq0711SkhZ8XXa2JjjQb5x4g3B1bw==",
      "dependencies": {
        "@datadog/browser-core": "4.43.0",
        "@datadog/browser-rum-core": "4.43.0"
      },
      "peerDependencies": {
        "@datadog/browser-logs": "4.43.0"
      },
      "peerDependenciesMeta": {
        "@datadog/browser-logs": {
          "optional": true
        }
      }
    },
    "node_modules/@datadog/browser-rum-core": {
      "version": "4.43.0",
      "resolved": "https://registry.npmjs.org/@datadog/browser-rum-core/-/browser-rum-core-4.43.0.tgz",
      "integrity": "sha512-x9QYLbOnoDId9oVGOGSxS1lZoQ8I6ZujmEt8OWvJ+jykdaKdqzyh3cv0euBzfWj+fCtZP8yrSXUZ+0zpSY4f1A==",
      "dependencies": {
        "@datadog/browser-core": "4.43.0"
      }
    }
  },
  "dependencies": {
    "@datadog/browser-core": {
      "version": "4.43.0",
      "resolved": "https://registry.npmjs.org/@datadog/browser-core/-/browser-core-4.43.0.tgz",
      "integrity": "sha512-sign974DvQxSE2BnCtPpHiHI9+MgXq35Gb/I5YcdpdWh5HczgMNIzNWWXTxrkrfkft6+z1M/6AM62yqofeYqog=="
    },
    "@datadog/browser-rum": {
      "version": "4.43.0",
      "resolved": "https://registry.npmjs.org/@datadog/browser-rum/-/browser-rum-4.43.0.tgz",
      "integrity": "sha512-Cc4e3kViyarfZVwZx4vWHj2/wwyhCF2/KDeWCq+Aa31om5FwP+lzhVfFnxq0711SkhZ8XXa2JjjQb5x4g3B1bw==",
      "requires": {
        "@datadog/browser-core": "4.43.0",
        "@datadog/browser-rum-core": "4.43.0"
      }
    },
    "@datadog/browser-rum-core": {
      "version": "4.43.0",
      "resolved": "https://registry.npmjs.org/@datadog/browser-rum-core/-/browser-rum-core-4.43.0.tgz",
      "integrity": "sha512-x9QYLbOnoDId9oVGOGSxS1lZoQ8I6ZujmEt8OWvJ+jykdaKdqzyh3cv0euBzfWj+fCtZP8yrSXUZ+0zpSY4f1A==",
      "requires": {
        "@datadog/browser-core": "4.43.0"
      }
    }
  }
}
